
Microsoft Visual Studio Solution File, Format Version 12.00
# Visual Studio Version 17
VisualStudioVersion = 17.0.31903.59
MinimumVisualStudioVersion = 10.0.40219.1
Project("{2150E333-8FDC-42A3-9474-1A3956D46DE8}") = "src", "src", "{890E1F20-6447-49C7-B7B7-8ED0E2733A8E}"
EndProject
Project("{FAE04EC0-301F-11D3-BF4B-00C04F79EFBC}") = "TradeNest.Data.Common", "src\TradeNest.Data.Common\TradeNest.Data.Common.csproj", "{839C63FE-08C8-4BA0-970B-D0A226C304C3}"
EndProject
Project("{FAE04EC0-301F-11D3-BF4B-00C04F79EFBC}") = "TradeNest.Data.Models", "src\TradeNest.Data.Models\TradeNest.Data.Models.csproj", "{0FB98650-0128-4C1B-BF0C-879FE50108FE}"
EndProject
Project("{FAE04EC0-301F-11D3-BF4B-00C04F79EFBC}") = "TradeNest.Data", "src\TradeNest.Data\TradeNest.Data.csproj", "{1A8A5073-A4ED-47F7-BB5A-028A0781E921}"
EndProject
Project("{FAE04EC0-301F-11D3-BF4B-00C04F79EFBC}") = "TradeNest.GCommon", "src\TradeNest.GCommon\TradeNest.GCommon.csproj", "{1A492FD9-794A-42AA-8AE5-B5D223E63D76}"
EndProject
Project("{FAE04EC0-301F-11D3-BF4B-00C04F79EFBC}") = "TradeNest.Services.Core", "src\TradeNest.Services.Core\TradeNest.Services.Core.csproj", "{30B88D22-1A27-4FC8-AA25-04D617A666E6}"
EndProject
Project("{FAE04EC0-301F-11D3-BF4B-00C04F79EFBC}") = "TradeNest.Services.Models", "src\TradeNest.Services.Models\TradeNest.Services.Models.csproj", "{BF0274B8-5129-4B44-8AEF-29BEA6FA4E7E}"
EndProject
Project("{FAE04EC0-301F-11D3-BF4B-00C04F79EFBC}") = "TradeNest.Web.Infrastructure", "src\TradeNest.Web.Infrastructure\TradeNest.Web.Infrastructure.csproj", "{605A4729-0140-4A08-B9F4-13D620126546}"
EndProject
Project("{FAE04EC0-301F-11D3-BF4B-00C04F79EFBC}") = "TradeNest.Web.Models", "src\TradeNest.Web.Models\TradeNest.Web.Models.csproj", "{CA12E92C-93B4-464C-8073-B826B0E6B722}"
EndProject
Project("{FAE04EC0-301F-11D3-BF4B-00C04F79EFBC}") = "TradeNest.Web", "src\TradeNest.Web\TradeNest.Web.csproj", "{51C6B5B2-0CB2-4434-A478-770DE030B78A}"
EndProject
Project("{2150E333-8FDC-42A3-9474-1A3956D46DE8}") = "tests", "tests", "{0D44396B-5F26-4E8D-8C98-DE686233E361}"
EndProject
Project("{2150E333-8FDC-42A3-9474-1A3956D46DE8}") = "unit", "unit", "{7B3F18B6-84C1-4AF9-9292-1C6C8BCA0809}"
EndProject
Project("{FAE04EC0-301F-11D3-BF4B-00C04F79EFBC}") = "TradeNest.Data.Tests", "tests\unit\TradeNest.Data.Tests\TradeNest.Data.Tests.csproj", "{1F873E77-8372-4627-A6F5-A39A2F9D270B}"
EndProject
Project("{FAE04EC0-301F-11D3-BF4B-00C04F79EFBC}") = "TradeNest.Services.Tests", "tests\unit\TradeNest.Services.Tests\TradeNest.Services.Tests.csproj", "{B5AC9971-6BD6-41EC-B183-7217B0B62520}"
EndProject
Project("{2150E333-8FDC-42A3-9474-1A3956D46DE8}") = "Data", "Data", "{5F8814CE-042E-4980-9EC0-799AA26CC36B}"
EndProject
Project("{2150E333-8FDC-42A3-9474-1A3956D46DE8}") = "Services", "Services", "{58A24259-320E-412A-AA67-BD7E1F00213A}"
EndProject
Project("{2150E333-8FDC-42A3-9474-1A3956D46DE8}") = "Web", "Web", "{1E5EF072-C712-489A-B80E-4B69007EE79E}"
EndProject
Project("{2150E333-8FDC-42A3-9474-1A3956D46DE8}") = "root", "root", "{D33D1E52-5C82-4FF9-97A2-FDBAACC7D41B}"
	ProjectSection(SolutionItems) = preProject
		.config\dotnet-tools.json = .config\dotnet-tools.json
		.gitignore = .gitignore
		LICENSE = LICENSE
		README.md = README.md
	EndProjectSection
EndProject
Project("{2150E333-8FDC-42A3-9474-1A3956D46DE8}") = "docs", "docs", "{A201FF97-FEA4-4515-BB62-98E6F259E974}"
EndProject
Project("{2150E333-8FDC-42A3-9474-1A3956D46DE8}") = "SRS", "SRS", "{C0D4E791-3173-4B80-8B6C-2386AC5452A5}"
	ProjectSection(SolutionItems) = preProject
		docs\SRS\Administration.md = docs\SRS\Administration.md
		docs\SRS\CatalogAndProducts.md = docs\SRS\CatalogAndProducts.md
		docs\SRS\Overview.md = docs\SRS\Overview.md
		docs\SRS\ShoppingExperience.md = docs\SRS\ShoppingExperience.md
		docs\SRS\UserAccount.md = docs\SRS\UserAccount.md
	EndProjectSection
EndProject
Project("{2150E333-8FDC-42A3-9474-1A3956D46DE8}") = "integration", "integration", "{7B960692-72D2-48C7-A18E-38A16BD8FA23}"
EndProject
Project("{FAE04EC0-301F-11D3-BF4B-00C04F79EFBC}") = "TradeNest.Data.IntegrationTests", "tests\integration\TradeNest.Data.IntegrationTests\TradeNest.Data.IntegrationTests.csproj", "{BB0AFEC5-B324-4675-A1B4-0E3C29C132AA}"
EndProject
Project("{FAE04EC0-301F-11D3-BF4B-00C04F79EFBC}") = "TradeNest.Tests.Common", "tests\TradeNest.Tests.Common\TradeNest.Tests.Common.csproj", "{A81EABB8-477D-4689-A884-5AA35D69FB1E}"
EndProject
Global
	GlobalSection(SolutionConfigurationPlatforms) = preSolution
		Debug|Any CPU = Debug|Any CPU
		Release|Any CPU = Release|Any CPU
	EndGlobalSection
	GlobalSection(SolutionProperties) = preSolution
		HideSolutionNode = FALSE
	EndGlobalSection
	GlobalSection(NestedProjects) = preSolution
		{1A492FD9-794A-42AA-8AE5-B5D223E63D76} = {890E1F20-6447-49C7-B7B7-8ED0E2733A8E}
		{7B3F18B6-84C1-4AF9-9292-1C6C8BCA0809} = {0D44396B-5F26-4E8D-8C98-DE686233E361}
		{1F873E77-8372-4627-A6F5-A39A2F9D270B} = {7B3F18B6-84C1-4AF9-9292-1C6C8BCA0809}
		{B5AC9971-6BD6-41EC-B183-7217B0B62520} = {7B3F18B6-84C1-4AF9-9292-1C6C8BCA0809}
		{5F8814CE-042E-4980-9EC0-799AA26CC36B} = {890E1F20-6447-49C7-B7B7-8ED0E2733A8E}
		{58A24259-320E-412A-AA67-BD7E1F00213A} = {890E1F20-6447-49C7-B7B7-8ED0E2733A8E}
		{1E5EF072-C712-489A-B80E-4B69007EE79E} = {890E1F20-6447-49C7-B7B7-8ED0E2733A8E}
		{1A8A5073-A4ED-47F7-BB5A-028A0781E921} = {5F8814CE-042E-4980-9EC0-799AA26CC36B}
		{839C63FE-08C8-4BA0-970B-D0A226C304C3} = {5F8814CE-042E-4980-9EC0-799AA26CC36B}
		{0FB98650-0128-4C1B-BF0C-879FE50108FE} = {5F8814CE-042E-4980-9EC0-799AA26CC36B}
		{30B88D22-1A27-4FC8-AA25-04D617A666E6} = {58A24259-320E-412A-AA67-BD7E1F00213A}
		{BF0274B8-5129-4B44-8AEF-29BEA6FA4E7E} = {58A24259-320E-412A-AA67-BD7E1F00213A}
		{51C6B5B2-0CB2-4434-A478-770DE030B78A} = {1E5EF072-C712-489A-B80E-4B69007EE79E}
		{605A4729-0140-4A08-B9F4-13D620126546} = {1E5EF072-C712-489A-B80E-4B69007EE79E}
		{CA12E92C-93B4-464C-8073-B826B0E6B722} = {1E5EF072-C712-489A-B80E-4B69007EE79E}
		{C0D4E791-3173-4B80-8B6C-2386AC5452A5} = {A201FF97-FEA4-4515-BB62-98E6F259E974}
		{A201FF97-FEA4-4515-BB62-98E6F259E974} = {D33D1E52-5C82-4FF9-97A2-FDBAACC7D41B}
		{7B960692-72D2-48C7-A18E-38A16BD8FA23} = {0D44396B-5F26-4E8D-8C98-DE686233E361}
		{BB0AFEC5-B324-4675-A1B4-0E3C29C132AA} = {7B960692-72D2-48C7-A18E-38A16BD8FA23}
		{A81EABB8-477D-4689-A884-5AA35D69FB1E} = {0D44396B-5F26-4E8D-8C98-DE686233E361}
	EndGlobalSection
	GlobalSection(ProjectConfigurationPlatforms) = postSolution
		{839C63FE-08C8-4BA0-970B-D0A226C304C3}.Debug|Any CPU.ActiveCfg = Debug|Any CPU
		{839C63FE-08C8-4BA0-970B-D0A226C304C3}.Debug|Any CPU.Build.0 = Debug|Any CPU
		{839C63FE-08C8-4BA0-970B-D0A226C304C3}.Release|Any CPU.ActiveCfg = Release|Any CPU
		{839C63FE-08C8-4BA0-970B-D0A226C304C3}.Release|Any CPU.Build.0 = Release|Any CPU
		{0FB98650-0128-4C1B-BF0C-879FE50108FE}.Debug|Any CPU.ActiveCfg = Debug|Any CPU
		{0FB98650-0128-4C1B-BF0C-879FE50108FE}.Debug|Any CPU.Build.0 = Debug|Any CPU
		{0FB98650-0128-4C1B-BF0C-879FE50108FE}.Release|Any CPU.ActiveCfg = Release|Any CPU
		{0FB98650-0128-4C1B-BF0C-879FE50108FE}.Release|Any CPU.Build.0 = Release|Any CPU
		{1A8A5073-A4ED-47F7-BB5A-028A0781E921}.Debug|Any CPU.ActiveCfg = Debug|Any CPU
		{1A8A5073-A4ED-47F7-BB5A-028A0781E921}.Debug|Any CPU.Build.0 = Debug|Any CPU
		{1A8A5073-A4ED-47F7-BB5A-028A0781E921}.Release|Any CPU.ActiveCfg = Release|Any CPU
		{1A8A5073-A4ED-47F7-BB5A-028A0781E921}.Release|Any CPU.Build.0 = Release|Any CPU
		{1A492FD9-794A-42AA-8AE5-B5D223E63D76}.Debug|Any CPU.ActiveCfg = Debug|Any CPU
		{1A492FD9-794A-42AA-8AE5-B5D223E63D76}.Debug|Any CPU.Build.0 = Debug|Any CPU
		{1A492FD9-794A-42AA-8AE5-B5D223E63D76}.Release|Any CPU.ActiveCfg = Release|Any CPU
		{1A492FD9-794A-42AA-8AE5-B5D223E63D76}.Release|Any CPU.Build.0 = Release|Any CPU
		{30B88D22-1A27-4FC8-AA25-04D617A666E6}.Debug|Any CPU.ActiveCfg = Debug|Any CPU
		{30B88D22-1A27-4FC8-AA25-04D617A666E6}.Debug|Any CPU.Build.0 = Debug|Any CPU
		{30B88D22-1A27-4FC8-AA25-04D617A666E6}.Release|Any CPU.ActiveCfg = Release|Any CPU
		{30B88D22-1A27-4FC8-AA25-04D617A666E6}.Release|Any CPU.Build.0 = Release|Any CPU
		{BF0274B8-5129-4B44-8AEF-29BEA6FA4E7E}.Debug|Any CPU.ActiveCfg = Debug|Any CPU
		{BF0274B8-5129-4B44-8AEF-29BEA6FA4E7E}.Debug|Any CPU.Build.0 = Debug|Any CPU
		{BF0274B8-5129-4B44-8AEF-29BEA6FA4E7E}.Release|Any CPU.ActiveCfg = Release|Any CPU
		{BF0274B8-5129-4B44-8AEF-29BEA6FA4E7E}.Release|Any CPU.Build.0 = Release|Any CPU
		{605A4729-0140-4A08-B9F4-13D620126546}.Debug|Any CPU.ActiveCfg = Debug|Any CPU
		{605A4729-0140-4A08-B9F4-13D620126546}.Debug|Any CPU.Build.0 = Debug|Any CPU
		{605A4729-0140-4A08-B9F4-13D620126546}.Release|Any CPU.ActiveCfg = Release|Any CPU
		{605A4729-0140-4A08-B9F4-13D620126546}.Release|Any CPU.Build.0 = Release|Any CPU
		{CA12E92C-93B4-464C-8073-B826B0E6B722}.Debug|Any CPU.ActiveCfg = Debug|Any CPU
		{CA12E92C-93B4-464C-8073-B826B0E6B722}.Debug|Any CPU.Build.0 = Debug|Any CPU
		{CA12E92C-93B4-464C-8073-B826B0E6B722}.Release|Any CPU.ActiveCfg = Release|Any CPU
		{CA12E92C-93B4-464C-8073-B826B0E6B722}.Release|Any CPU.Build.0 = Release|Any CPU
		{51C6B5B2-0CB2-4434-A478-770DE030B78A}.Debug|Any CPU.ActiveCfg = Debug|Any CPU
		{51C6B5B2-0CB2-4434-A478-770DE030B78A}.Debug|Any CPU.Build.0 = Debug|Any CPU
		{51C6B5B2-0CB2-4434-A478-770DE030B78A}.Release|Any CPU.ActiveCfg = Release|Any CPU
		{51C6B5B2-0CB2-4434-A478-770DE030B78A}.Release|Any CPU.Build.0 = Release|Any CPU
		{1F873E77-8372-4627-A6F5-A39A2F9D270B}.Debug|Any CPU.ActiveCfg = Debug|Any CPU
		{1F873E77-8372-4627-A6F5-A39A2F9D270B}.Debug|Any CPU.Build.0 = Debug|Any CPU
		{1F873E77-8372-4627-A6F5-A39A2F9D270B}.Release|Any CPU.ActiveCfg = Release|Any CPU
		{1F873E77-8372-4627-A6F5-A39A2F9D270B}.Release|Any CPU.Build.0 = Release|Any CPU
		{B5AC9971-6BD6-41EC-B183-7217B0B62520}.Debug|Any CPU.ActiveCfg = Debug|Any CPU
		{B5AC9971-6BD6-41EC-B183-7217B0B62520}.Debug|Any CPU.Build.0 = Debug|Any CPU
		{B5AC9971-6BD6-41EC-B183-7217B0B62520}.Release|Any CPU.ActiveCfg = Release|Any CPU
		{B5AC9971-6BD6-41EC-B183-7217B0B62520}.Release|Any CPU.Build.0 = Release|Any CPU
		{BB0AFEC5-B324-4675-A1B4-0E3C29C132AA}.Debug|Any CPU.ActiveCfg = Debug|Any CPU
		{BB0AFEC5-B324-4675-A1B4-0E3C29C132AA}.Debug|Any CPU.Build.0 = Debug|Any CPU
		{BB0AFEC5-B324-4675-A1B4-0E3C29C132AA}.Release|Any CPU.ActiveCfg = Release|Any CPU
		{BB0AFEC5-B324-4675-A1B4-0E3C29C132AA}.Release|Any CPU.Build.0 = Release|Any CPU
		{A81EABB8-477D-4689-A884-5AA35D69FB1E}.Debug|Any CPU.ActiveCfg = Debug|Any CPU
		{A81EABB8-477D-4689-A884-5AA35D69FB1E}.Debug|Any CPU.Build.0 = Debug|Any CPU
		{A81EABB8-477D-4689-A884-5AA35D69FB1E}.Release|Any CPU.ActiveCfg = Release|Any CPU
		{A81EABB8-477D-4689-A884-5AA35D69FB1E}.Release|Any CPU.Build.0 = Release|Any CPU
	EndGlobalSection
EndGlobal
