
Microsoft Visual Studio Solution File, Format Version 12.00
# Visual Studio Version 17
VisualStudioVersion = 17.0.31903.59
MinimumVisualStudioVersion = 10.0.40219.1
Project("{2150E333-8FDC-42A3-9474-1A3956D46DE8}") = "Web", "Web", "{810F347F-EB02-4A67-A70B-394D3018F4E8}"
EndProject
Project("{2150E333-8FDC-42A3-9474-1A3956D46DE8}") = "Data", "Data", "{6800AD4F-1609-47A6-B2A6-B44B14EC6098}"
EndProject
Project("{FAE04EC0-301F-11D3-BF4B-00C04F79EFBC}") = "TradeNest.Web", "TradeNest.Web\TradeNest.Web.csproj", "{BFF5E5BB-6A6C-4A91-9626-0C6097E5C738}"
EndProject
Project("{FAE04EC0-301F-11D3-BF4B-00C04F79EFBC}") = "TradeNest.Web.ViewModels", "TradeNest.Web.ViewModels\TradeNest.Web.ViewModels.csproj", "{97EDD34A-D4FD-4176-8385-0D248AF17F6D}"
EndProject
Project("{FAE04EC0-301F-11D3-BF4B-00C04F79EFBC}") = "TradeNest.Data", "TradeNest.Data\TradeNest.Data.csproj", "{AFBF263D-3496-41F1-AC94-E8D53456578B}"
EndProject
Project("{FAE04EC0-301F-11D3-BF4B-00C04F79EFBC}") = "TradeNest.Data.Models", "TradeNest.Data.Models\TradeNest.Data.Models.csproj", "{192771BF-3AF4-4C21-8B7A-F1D2E259820B}"
EndProject
Project("{FAE04EC0-301F-11D3-BF4B-00C04F79EFBC}") = "TradeNest.GCommon", "TradeNest.GCommon\TradeNest.GCommon.csproj", "{EAD3EB4C-CE68-4933-B9CD-2614B1BA214C}"
EndProject
Project("{2150E333-8FDC-42A3-9474-1A3956D46DE8}") = "Services", "Services", "{4AFEFE11-CFB4-4232-BC7D-E7EE90C9DBB8}"
EndProject
Project("{FAE04EC0-301F-11D3-BF4B-00C04F79EFBC}") = "TradeNest.Services.Core", "TradeNest.Services.Core\TradeNest.Services.Core.csproj", "{C3D0BA05-78F4-4087-9FAE-1E779E4DBC04}"
EndProject
Global
	GlobalSection(SolutionConfigurationPlatforms) = preSolution
		Debug|Any CPU = Debug|Any CPU
		Release|Any CPU = Release|Any CPU
	EndGlobalSection
	GlobalSection(SolutionProperties) = preSolution
		HideSolutionNode = FALSE
	EndGlobalSection
	GlobalSection(NestedProjects) = preSolution
		{BFF5E5BB-6A6C-4A91-9626-0C6097E5C738} = {810F347F-EB02-4A67-A70B-394D3018F4E8}
		{97EDD34A-D4FD-4176-8385-0D248AF17F6D} = {810F347F-EB02-4A67-A70B-394D3018F4E8}
		{AFBF263D-3496-41F1-AC94-E8D53456578B} = {6800AD4F-1609-47A6-B2A6-B44B14EC6098}
		{192771BF-3AF4-4C21-8B7A-F1D2E259820B} = {6800AD4F-1609-47A6-B2A6-B44B14EC6098}
		{C3D0BA05-78F4-4087-9FAE-1E779E4DBC04} = {4AFEFE11-CFB4-4232-BC7D-E7EE90C9DBB8}
	EndGlobalSection
	GlobalSection(ProjectConfigurationPlatforms) = postSolution
		{BFF5E5BB-6A6C-4A91-9626-0C6097E5C738}.Debug|Any CPU.ActiveCfg = Debug|Any CPU
		{BFF5E5BB-6A6C-4A91-9626-0C6097E5C738}.Debug|Any CPU.Build.0 = Debug|Any CPU
		{BFF5E5BB-6A6C-4A91-9626-0C6097E5C738}.Release|Any CPU.ActiveCfg = Release|Any CPU
		{BFF5E5BB-6A6C-4A91-9626-0C6097E5C738}.Release|Any CPU.Build.0 = Release|Any CPU
		{97EDD34A-D4FD-4176-8385-0D248AF17F6D}.Debug|Any CPU.ActiveCfg = Debug|Any CPU
		{97EDD34A-D4FD-4176-8385-0D248AF17F6D}.Debug|Any CPU.Build.0 = Debug|Any CPU
		{97EDD34A-D4FD-4176-8385-0D248AF17F6D}.Release|Any CPU.ActiveCfg = Release|Any CPU
		{97EDD34A-D4FD-4176-8385-0D248AF17F6D}.Release|Any CPU.Build.0 = Release|Any CPU
		{AFBF263D-3496-41F1-AC94-E8D53456578B}.Debug|Any CPU.ActiveCfg = Debug|Any CPU
		{AFBF263D-3496-41F1-AC94-E8D53456578B}.Debug|Any CPU.Build.0 = Debug|Any CPU
		{AFBF263D-3496-41F1-AC94-E8D53456578B}.Release|Any CPU.ActiveCfg = Release|Any CPU
		{AFBF263D-3496-41F1-AC94-E8D53456578B}.Release|Any CPU.Build.0 = Release|Any CPU
		{192771BF-3AF4-4C21-8B7A-F1D2E259820B}.Debug|Any CPU.ActiveCfg = Debug|Any CPU
		{192771BF-3AF4-4C21-8B7A-F1D2E259820B}.Debug|Any CPU.Build.0 = Debug|Any CPU
		{192771BF-3AF4-4C21-8B7A-F1D2E259820B}.Release|Any CPU.ActiveCfg = Release|Any CPU
		{192771BF-3AF4-4C21-8B7A-F1D2E259820B}.Release|Any CPU.Build.0 = Release|Any CPU
		{EAD3EB4C-CE68-4933-B9CD-2614B1BA214C}.Debug|Any CPU.ActiveCfg = Debug|Any CPU
		{EAD3EB4C-CE68-4933-B9CD-2614B1BA214C}.Debug|Any CPU.Build.0 = Debug|Any CPU
		{EAD3EB4C-CE68-4933-B9CD-2614B1BA214C}.Release|Any CPU.ActiveCfg = Release|Any CPU
		{EAD3EB4C-CE68-4933-B9CD-2614B1BA214C}.Release|Any CPU.Build.0 = Release|Any CPU
		{C3D0BA05-78F4-4087-9FAE-1E779E4DBC04}.Debug|Any CPU.ActiveCfg = Debug|Any CPU
		{C3D0BA05-78F4-4087-9FAE-1E779E4DBC04}.Debug|Any CPU.Build.0 = Debug|Any CPU
		{C3D0BA05-78F4-4087-9FAE-1E779E4DBC04}.Release|Any CPU.ActiveCfg = Release|Any CPU
		{C3D0BA05-78F4-4087-9FAE-1E779E4DBC04}.Release|Any CPU.Build.0 = Release|Any CPU
	EndGlobalSection
EndGlobal
