{
  "name": "tradenest.web",
  "version": "1.0.0",
  "lockfileVersion": 3,
  "requires": true,
  "packages": {
    "": {
      "name": "tradenest.web",
      "version": "1.0.0",
      "license": "ISC",
      "dependencies": {
        "dompurify": "^3.4.1",
        "lit-html": "^3.3.2",
        "sweetalert2": "^11.0.17"
      },
      "devDependencies": {
        "@types/bootstrap": "^5.2.10"
      }
    },
    "node_modules/@popperjs/core": {
      "version": "2.11.8",
      "resolved": "https://registry.npmjs.org/@popperjs/core/-/core-2.11.8.tgz",
      "integrity": "sha512-P1st0aksCrn9sGZhp8GMYwBnQsbvAWsZAX44oXNNvLHGqAOcoVxmjZiohstwQ7SqKnbR47akdNi+uleWD8+g6A==",
      "dev": true,
      "license": "MIT",
      "funding": {
        "type": "opencollective",
        "url": "https://opencollective.com/popperjs"
      }
    },
    "node_modules/@types/bootstrap": {
      "version": "5.2.10",
      "resolved": "https://registry.npmjs.org/@types/bootstrap/-/bootstrap-5.2.10.tgz",
      "integrity": "sha512-F2X+cd6551tep0MvVZ6nM8v7XgGN/twpdNDjqS1TUM7YFNEtQYWk+dKAnH+T1gr6QgCoGMPl487xw/9hXooa2g==",
      "dev": true,
      "license": "MIT",
      "dependencies": {
        "@popperjs/core": "^2.9.2"
      }
    },
    "node_modules/@types/trusted-types": {
      "version": "2.0.7",
      "resolved": "https://registry.npmjs.org/@types/trusted-types/-/trusted-types-2.0.7.tgz",
      "integrity": "sha512-ScaPdn1dQczgbl0QFTeTOmVHFULt394XJgOQNoyVhZ6r2vLnMLJfBPd53SB52T/3G36VI1/g2MZaX0cwDuXsfw==",
      "license": "MIT"
    },
    "node_modules/dompurify": {
      "version": "3.4.1",
      "resolved": "https://registry.npmjs.org/dompurify/-/dompurify-3.4.1.tgz",
      "integrity": "sha512-JahakDAIg1gyOm7dlgWSDjV4n7Ip2PKR55NIT6jrMfIgLFgWo81vdr1/QGqWtFNRqXP9UV71oVePtjqS2ebnPw==",
      "license": "(MPL-2.0 OR Apache-2.0)",
      "optionalDependencies": {
        "@types/trusted-types": "^2.0.7"
      }
    },
    "node_modules/lit-html": {
      "version": "3.3.2",
      "resolved": "https://registry.npmjs.org/lit-html/-/lit-html-3.3.2.tgz",
      "integrity": "sha512-Qy9hU88zcmaxBXcc10ZpdK7cOLXvXpRoBxERdtqV9QOrfpMZZ6pSYP91LhpPtap3sFMUiL7Tw2RImbe0Al2/kw==",
      "license": "BSD-3-Clause",
      "dependencies": {
        "@types/trusted-types": "^2.0.2"
      }
    },
    "node_modules/sweetalert2": {
      "version": "11.0.17",
      "resolved": "https://registry.npmjs.org/sweetalert2/-/sweetalert2-11.0.17.tgz",
      "integrity": "sha512-oaCGCNjMU648bDg5+/mdStfFNG9sYEejeEZQY8JpAakUM0pLflB3neNyArAZGcWNUQX1y/jOeRdzcNE05Una4A==",
      "license": "MIT",
      "funding": {
        "url": "https://sweetalert2.github.io/#donations"
      }
    }
  }
}
